
Microsoft Visual Studio Solution File, Format Version 12.00
Project("{FAE04EC0-301F-11D3-BF4B-00C04F79EFBC}") = "Agriventory", "Agriventory\Agriventory.csproj", "{13370BA4-8142-4E52-9A99-241998282F71}"
EndProject
Global
	GlobalSection(SolutionConfigurationPlatforms) = preSolution
		Debug|Any CPU = Debug|Any CPU
		Release|Any CPU = Release|Any CPU
	EndGlobalSection
	GlobalSection(ProjectConfigurationPlatforms) = postSolution
		{13370BA4-8142-4E52-9A99-241998282F71}.Debug|Any CPU.ActiveCfg = Debug|Any CPU
		{13370BA4-8142-4E52-9A99-241998282F71}.Debug|Any CPU.Build.0 = Debug|Any CPU
		{13370BA4-8142-4E52-9A99-241998282F71}.Release|Any CPU.ActiveCfg = Release|Any CPU
		{13370BA4-8142-4E52-9A99-241998282F71}.Release|Any CPU.Build.0 = Release|Any CPU
	EndGlobalSection
EndGlobal
